PODS:
  - Alamofire (4.4.0)
  - AMap3DMap (5.0.0):
    - AMapFoundation (~> 1.3)
  - AMapFoundation (1.4.0)
  - AMapNavi (5.0.0):
    - AMap3DMap (~> 5.0)
    - AMapFoundation (~> 1.3)
  - AVOSCloud (4.1.0)
  - BaiduMapKit (3.2.1)
  - DGElasticPullToRefresh (1.1)
  - FTIndicator (1.2.0):
    - FTIndicator/FTNotificationIndicator (= 1.2.0)
    - FTIndicator/FTProgressIndicator (= 1.2.0)
    - FTIndicator/FTToastIndicator (= 1.2.0)
  - FTIndicator/FTNotificationIndicator (1.2.0)
  - FTIndicator/FTProgressIndicator (1.2.0)
  - FTIndicator/FTToastIndicator (1.2.0)
  - Kingfisher (3.6.2)
  - MJRefresh (3.1.12)
  - SnapKit (3.2.0)
  - SwiftyJSON (3.1.4)
  - TZImagePickerController (1.7.9)

DEPENDENCIES:
  - Alamofire
  - AMapNavi
  - AVOSCloud
  - BaiduMapKit
  - DGElasticPullToRefresh
  - FTIndicator
  - Kingfisher
  - MJRefresh
  - SnapKit
  - SwiftyJSON
  - TZImagePickerController

SPEC CHECKSUMS:
  Alamofire: dc44b1600b800eb63da6a19039a0083d62a6a62d
  AMap3DMap: 4d0a53d0e57c7c758560225dfdaf593b306bd468
  AMapFoundation: 458974f46a39df8407fd818ab83d2630d494c726
  AMapNavi: dec01f6752e8b665467f4c097db1512ff7510ca0
  AVOSCloud: c7a0514461c5cd612aa7917ed23379ca667d81c9
  BaiduMapKit: 9c748785aa3dddfc41dcb70c14b21ce32f680930
  DGElasticPullToRefresh: 28f11a6026302a90f8ffebbc6e24748e584dddd3
  FTIndicator: e1c035b99b8df1b1a40702b37cdc12fac5dd057c
  Kingfisher: 2c94e72c6830622c71d06adf4ea024c37d316830
  MJRefresh: b96cdb21c4aa75a7b07654311ab2f315c497e806
  SnapKit: 1ca44df72cfa543218d177cb8aab029d10d86ea7
  SwiftyJSON: c2842d878f95482ffceec5709abc3d05680c0220
  TZImagePickerController: 0a8ff228d287ebdd7d485e8c42a2a932894f1fba

PODFILE CHECKSUM: 0d801f9c46df38e4bd6d15cbe3790159b960dc83

COCOAPODS: 1.2.0
